
Microsoft Visual Studio Solution File, Format Version 12.00
# Visual Studio 15
VisualStudioVersion = 15.0.26730.12
MinimumVisualStudioVersion = 10.0.40219.1
Project("{9A19103F-16F7-4668-BE54-9A1E7A4F7556}") = "Nami", "Nami\Nami.csproj", "{FC0357D8-0B9C-49B3-86C9-AD61AD6473AD}"
EndProject
Project("{9A19103F-16F7-4668-BE54-9A1E7A4F7556}") = "Example", "Example\Example.csproj", "{D17FD978-19CA-4946-B284-260DBDAC37D6}"
EndProject
Global
	GlobalSection(SolutionConfigurationPlatforms) = preSolution
		Debug|Any CPU = Debug|Any CPU
		Release|Any CPU = Release|Any CPU
	EndGlobalSection
	GlobalSection(ProjectConfigurationPlatforms) = postSolution
		{FC0357D8-0B9C-49B3-86C9-AD61AD6473AD}.Debug|Any CPU.ActiveCfg = Debug|Any CPU
		{FC0357D8-0B9C-49B3-86C9-AD61AD6473AD}.Debug|Any CPU.Build.0 = Debug|Any CPU
		{FC0357D8-0B9C-49B3-86C9-AD61AD6473AD}.Release|Any CPU.ActiveCfg = Release|Any CPU
		{FC0357D8-0B9C-49B3-86C9-AD61AD6473AD}.Release|Any CPU.Build.0 = Release|Any CPU
		{D17FD978-19CA-4946-B284-260DBDAC37D6}.Debug|Any CPU.ActiveCfg = Debug|Any CPU
		{D17FD978-19CA-4946-B284-260DBDAC37D6}.Debug|Any CPU.Build.0 = Debug|Any CPU
		{D17FD978-19CA-4946-B284-260DBDAC37D6}.Release|Any CPU.ActiveCfg = Release|Any CPU
		{D17FD978-19CA-4946-B284-260DBDAC37D6}.Release|Any CPU.Build.0 = Release|Any CPU
	EndGlobalSection
	GlobalSection(SolutionProperties) = preSolution
		HideSolutionNode = FALSE
	EndGlobalSection
	GlobalSection(ExtensibilityGlobals) = postSolution
		SolutionGuid = {A2B18550-DE79-47E6-8909-7904038A64E9}
	EndGlobalSection
EndGlobal
